
Microsoft Visual Studio Solution File, Format Version 12.00
# Visual Studio 15
VisualStudioVersion = 15.0.27703.2000
MinimumVisualStudioVersion = 10.0.40219.1
Project("{FAE04EC0-301F-11D3-BF4B-00C04F79EFBC}") = "ToDo_List", "ToDo_List\ToDo_List.csproj", "{87474302-FB29-461D-861D-A54B9825AECB}"
EndProject
Global
	GlobalSection(SolutionConfigurationPlatforms) = preSolution
		Debug|Any CPU = Debug|Any CPU
		Release|Any CPU = Release|Any CPU
	EndGlobalSection
	GlobalSection(ProjectConfigurationPlatforms) = postSolution
		{87474302-FB29-461D-861D-A54B9825AECB}.Debug|Any CPU.ActiveCfg = Debug|Any CPU
		{87474302-FB29-461D-861D-A54B9825AECB}.Debug|Any CPU.Build.0 = Debug|Any CPU
		{87474302-FB29-461D-861D-A54B9825AECB}.Release|Any CPU.ActiveCfg = Release|Any CPU
		{87474302-FB29-461D-861D-A54B9825AECB}.Release|Any CPU.Build.0 = Release|Any CPU
	EndGlobalSection
	GlobalSection(SolutionProperties) = preSolution
		HideSolutionNode = FALSE
	EndGlobalSection
	GlobalSection(ExtensibilityGlobals) = postSolution
		SolutionGuid = {E4DE64A5-E87F-482D-A83B-79BCC75E2AA4}
	EndGlobalSection
EndGlobal
